# THIS IS AN AUTOGENERATED FILE. DO NOT EDIT THIS FILE DIRECTLY.
# yarn lockfile v1


"@babel/runtime@^7.0.0", "@babel/runtime@^7.12.0", "@babel/runtime@^7.3.1":
  version "7.18.9"
  resolved "https://registry.yarnpkg.com/@babel/runtime/-/runtime-7.18.9.tgz#b4fcfce55db3d2e5e080d2490f608a3b9f407f4a"
  integrity sha512-lkqXDcvlFT5rvEjiu6+QYO+1GXrEHRo2LOtS7E4GtX5ESIZOgepqsZBVIj6Pv+a6zqsya9VCgiK1KAK4BvJDAw==
  dependencies:
    regenerator-runtime "^0.13.4"

"@danmarshall/deckgl-typings@^4.9.25":
  version "4.9.25"
  resolved "https://registry.yarnpkg.com/@danmarshall/deckgl-typings/-/deckgl-typings-4.9.25.tgz#d17f9aa2349e96dc3ea31a5533e792731e0bdfe8"
  integrity sha512-bPr/akw+fKgSNBWrxeK05dE/KtKXAnIbR7WpGzwg96cHQexUgVLp4sOafhx5NSb88E3VjpUiVaz/SDn0t18PpQ==
  dependencies:
    "@types/hammerjs" "^2.0.36"
    "@types/react" "*"
    indefinitely-typed "^1.1.0"

"@deck.gl/core@8.7.11":
  version "8.7.11"
  resolved "https://registry.yarnpkg.com/@deck.gl/core/-/core-8.7.11.tgz#8cfdf212db5857e8ba3a5ef90e317a4a7c46aa10"
  integrity sha512-zTAjbU2lJ5/LjxLLIA6vFquIqd16uY/Xe2Y3J84YmCxOeFWx7khX8n9s42bfi2mXK+ygx8sqRfhHjReFArg3bA==
  dependencies:
    "@loaders.gl/core" "^3.1.5"
    "@loaders.gl/images" "^3.1.5"
    "@luma.gl/constants" "^8.5.10"
    "@luma.gl/core" "^8.5.10"
    "@math.gl/core" "^3.5.7"
    "@math.gl/web-mercator" "^3.5.7"
    "@probe.gl/env" "^3.5.0"
    "@probe.gl/log" "^3.5.0"
    "@probe.gl/stats" "^3.5.0"
    gl-matrix "^3.0.0"
    math.gl "^3.5.7"
    mjolnir.js "^2.5.0"

"@deck.gl/layers@8.7.11":
  version "8.7.11"
  resolved "https://registry.yarnpkg.com/@deck.gl/layers/-/layers-8.7.11.tgz#cc001e104db29e07248b0a8ee9f6840ce3a8644c"
  integrity sha512-uO4Y+7D8iobcpVaFJkH8NxtdHw393U5qItN466iCUQKziFqCNRxokkchQmenrUrY4hn+jb5CMFh/otehPV1Grg==
  dependencies:
    "@loaders.gl/images" "^3.1.5"
    "@mapbox/tiny-sdf" "^1.1.0"
    "@math.gl/polygon" "^3.5.7"
    earcut "^2.0.6"

"@loaders.gl/core@^3.1.5":
  version "3.2.7"
  resolved "https://registry.yarnpkg.com/@loaders.gl/core/-/core-3.2.7.tgz#fae277f182157f319823cc8dea20e81e8f859a47"
  integrity sha512-+1/wgO9JzF6Xh/rRbLQ6Av2k+Y7qoXgQnUbTaAhu4iERLRnXmbUceoH0xeS/A4Jr9o8rUpa616cqPJJTCWPCJA==
  dependencies:
    "@babel/runtime" "^7.3.1"
    "@loaders.gl/loader-utils" "3.2.7"
    "@loaders.gl/worker-utils" "3.2.7"
    "@probe.gl/log" "^3.5.0"
    probe.gl "^3.4.0"

"@loaders.gl/images@^3.1.5":
  version "3.2.7"
  resolved "https://registry.yarnpkg.com/@loaders.gl/images/-/images-3.2.7.tgz#3a6e4c323d927500ed4a2a6ad4c2a68f03862cd4"
  integrity sha512-nmM5jG2DFDdMLmp1JNiZeQuampSmBvRjGuYawTSgYyVcpjKBKyqwmKBslO18BgoqcgVbPnPKxfb5MD2yAhBmEg==
  dependencies:
    "@loaders.gl/loader-utils" "3.2.7"

"@loaders.gl/loader-utils@3.2.7":
  version "3.2.7"
  resolved "https://registry.yarnpkg.com/@loaders.gl/loader-utils/-/loader-utils-3.2.7.tgz#2ccb4f6fefa2fb0b537b8f86c8f37d2d9af3a5df"
  integrity sha512-jvEdM6TSKNkWy7wakPnUIZiUoVVcVCUE6NuYfk9iL+CFsA5bCCthjkVpGm5cFX2cRZ2dphTtD54WC4iEilmBLQ==
  dependencies:
    "@babel/runtime" "^7.3.1"
    "@loaders.gl/worker-utils" "3.2.7"
    "@probe.gl/stats" "^3.5.0"

"@loaders.gl/worker-utils@3.2.7":
  version "3.2.7"
  resolved "https://registry.yarnpkg.com/@loaders.gl/worker-utils/-/worker-utils-3.2.7.tgz#feeaca2f7fe725154bdae5d709a80c92ebad3d69"
  integrity sha512-gdWw46Wnt+NJyJDVibvs7zK7e58ifgmDvcE1gWHqXISMdTfqRDQJenxCPXuLFR47EWIAytcB7y0xBz6Dka2/NQ==
  dependencies:
    "@babel/runtime" "^7.3.1"

"@luma.gl/constants@8.5.16", "@luma.gl/constants@^8.5.10":
  version "8.5.16"
  resolved "https://registry.yarnpkg.com/@luma.gl/constants/-/constants-8.5.16.tgz#196f270d0e7735cafe264e994ee34ebfaa11906a"
  integrity sha512-b9JrfhlU4tgQWa7vAzQzzw3yS0NdJBrTEZ6LA9XRKSwVV5VunHXApnrnN4v1oA0AGgnknnUf40PRBZolsVK+7Q==

"@luma.gl/core@^8.5.10":
  version "8.5.16"
  resolved "https://registry.yarnpkg.com/@luma.gl/core/-/core-8.5.16.tgz#a8ad0afbb68885913d4a18add5b3926c8c9be39d"
  integrity sha512-w3goHMFEhQFlpoXXygFD6zaZvu4rYvMLfDXThpBMUYm8Y4k46UREFYhsV1aOe1aJlaolsRT/9J2fgSDXr0yA3w==
  dependencies:
    "@babel/runtime" "^7.0.0"
    "@luma.gl/constants" "8.5.16"
    "@luma.gl/engine" "8.5.16"
    "@luma.gl/gltools" "8.5.16"
    "@luma.gl/shadertools" "8.5.16"
    "@luma.gl/webgl" "8.5.16"

"@luma.gl/engine@8.5.16":
  version "8.5.16"
  resolved "https://registry.yarnpkg.com/@luma.gl/engine/-/engine-8.5.16.tgz#d8b4bdf8d63fbb470c0416a0cfde6513bace2bed"
  integrity sha512-F9wMLg+ystsXa3oOzLezaD1K7ot+kL69IKIJqVjxNecPLf8E/BxJlKL+AZW7SCluka6pFMlGomog0GnjjCxH8Q==
  dependencies:
    "@babel/runtime" "^7.0.0"
    "@luma.gl/constants" "8.5.16"
    "@luma.gl/gltools" "8.5.16"
    "@luma.gl/shadertools" "8.5.16"
    "@luma.gl/webgl" "8.5.16"
    "@math.gl/core" "^3.5.0"
    "@probe.gl/env" "^3.5.0"
    "@probe.gl/stats" "^3.5.0"
    "@types/offscreencanvas" "^2019.7.0"

"@luma.gl/gltools@8.5.16":
  version "8.5.16"
  resolved "https://registry.yarnpkg.com/@luma.gl/gltools/-/gltools-8.5.16.tgz#d2c9feb3645bbf36220719c70ed13623eeca8074"
  integrity sha512-CNCLbKtMRep7tTuB5x3RA7tD70U8XXA8xhABDZs7oAQ0Q/K2EjnwskSUlWzgD3ZPluh6JZzvQBEi4DSmeW3NZA==
  dependencies:
    "@babel/runtime" "^7.0.0"
    "@luma.gl/constants" "8.5.16"
    "@probe.gl/env" "^3.5.0"
    "@probe.gl/log" "^3.5.0"
    "@types/offscreencanvas" "^2019.7.0"

"@luma.gl/shadertools@8.5.16":
  version "8.5.16"
  resolved "https://registry.yarnpkg.com/@luma.gl/shadertools/-/shadertools-8.5.16.tgz#90eeed64fc4dfce9e87cd096238988cff06dda30"
  integrity sha512-L3M3v6bQhIT8McCeqLvHnLJBmBXYDog1QblF4PVszuIB/WH+cHxZ0I26X2a1eEsVCvdeCrxRBxr42743oyfUNA==
  dependencies:
    "@babel/runtime" "^7.0.0"
    "@math.gl/core" "^3.5.0"

"@luma.gl/webgl@8.5.16":
  version "8.5.16"
  resolved "https://registry.yarnpkg.com/@luma.gl/webgl/-/webgl-8.5.16.tgz#a0d68802b00e881a36181f65f12f703550c35cd9"
  integrity sha512-vyzr4Mu3+6rKnyu4c5gmTcuDG6xKF49qy316v8oMp45VT0xCQBP17Poq0b0j0VqbGOOtXGI/pxOtr68Ii9fDuA==
  dependencies:
    "@babel/runtime" "^7.0.0"
    "@luma.gl/constants" "8.5.16"
    "@luma.gl/gltools" "8.5.16"
    "@probe.gl/env" "^3.5.0"
    "@probe.gl/stats" "^3.5.0"

"@mapbox/tiny-sdf@^1.1.0":
  version "1.2.5"
  resolved "https://registry.yarnpkg.com/@mapbox/tiny-sdf/-/tiny-sdf-1.2.5.tgz#424c620a96442b20402552be70a7f62a8407cc59"
  integrity sha512-cD8A/zJlm6fdJOk6DqPUV8mcpyJkRz2x2R+/fYcWDYG3oWbG7/L7Yl/WqQ1VZCjnL9OTIMAn6c+BC5Eru4sQEw==

"@math.gl/core@3.6.3", "@math.gl/core@^3.5.0", "@math.gl/core@^3.5.7":
  version "3.6.3"
  resolved "https://registry.yarnpkg.com/@math.gl/core/-/core-3.6.3.tgz#a6bf796ed421093099749d609de8d99a3ac20a53"
  integrity sha512-jBABmDkj5uuuE0dTDmwwss7Cup5ZwQ6Qb7h1pgvtkEutTrhkcv8SuItQNXmF45494yIHeoGue08NlyeY6wxq2A==
  dependencies:
    "@babel/runtime" "^7.12.0"
    "@math.gl/types" "3.6.3"
    gl-matrix "^3.4.0"

"@math.gl/polygon@^3.5.7":
  version "3.6.3"
  resolved "https://registry.yarnpkg.com/@math.gl/polygon/-/polygon-3.6.3.tgz#0c19c0b059cedde1cd760cc3796e9180f75bcbde"
  integrity sha512-FivQ1ZnYcAss1wVifOkHP/ZnlfQy1IL/769uzNtiHxwUbW0kZG3yyOZ9I7fwyzR5Hvqt3ErJKHjSYZr0uVlz5g==
  dependencies:
    "@math.gl/core" "3.6.3"

"@math.gl/types@3.6.3":
  version "3.6.3"
  resolved "https://registry.yarnpkg.com/@math.gl/types/-/types-3.6.3.tgz#9fa9866feabcbb76de107d78ff3a89c0243ac374"
  integrity sha512-3uWLVXHY3jQxsXCr/UCNPSc2BG0hNUljhmOBt9l+lNFDp7zHgm0cK2Tw4kj2XfkJy4TgwZTBGwRDQgWEbLbdTA==

"@math.gl/web-mercator@^3.5.7":
  version "3.6.3"
  resolved "https://registry.yarnpkg.com/@math.gl/web-mercator/-/web-mercator-3.6.3.tgz#ef91168e030eecffc788618d686e8a6c1d7a0bf8"
  integrity sha512-UVrkSOs02YLehKaehrxhAejYMurehIHPfFQvPFZmdJHglHOU4V2cCUApTVEwOksvCp161ypEqVp+9H6mGhTTcw==
  dependencies:
    "@babel/runtime" "^7.12.0"
    gl-matrix "^3.4.0"

"@probe.gl/env@3.5.1", "@probe.gl/env@^3.5.0":
  version "3.5.1"
  resolved "https://registry.yarnpkg.com/@probe.gl/env/-/env-3.5.1.tgz#c32436a4a93c02d8fe5270c8c50d28b75a20062c"
  integrity sha512-jeqR75tbO4hBiJZR+WSw4Ja8lV44ANpDmQRY0HBNJfi66fwffSH/3xCut3dvDDx7NwPcVKErnRvQLFtMHT85lg==
  dependencies:
    "@babel/runtime" "^7.0.0"

"@probe.gl/log@3.5.1", "@probe.gl/log@^3.5.0":
  version "3.5.1"
  resolved "https://registry.yarnpkg.com/@probe.gl/log/-/log-3.5.1.tgz#81dbbce86c0fa31697cff9af04f6a235bed2320a"
  integrity sha512-+HQD+HTWVB/3f4QRhXpiHuNIHI6ed2/Ec3W/j/cmweu8HH8rJdqQKrGk0c8392stgsmFgzy11l2kS+caHx0jDw==
  dependencies:
    "@babel/runtime" "^7.0.0"
    "@probe.gl/env" "3.5.1"

"@probe.gl/stats@3.5.1", "@probe.gl/stats@^3.5.0":
  version "3.5.1"
  resolved "https://registry.yarnpkg.com/@probe.gl/stats/-/stats-3.5.1.tgz#7fd35534b4d16c511481621731134584de53fb8d"
  integrity sha512-WfayGiGgxlzSbomIkFxGfPj1i4eO60DVCEjUt6uFcolQteLkDNWI9FWV0s1WrmqwTRz4L4246SciPDWbFQSRHg==
  dependencies:
    "@babel/runtime" "^7.0.0"

"@types/hammerjs@^2.0.36", "@types/hammerjs@^2.0.41":
  version "2.0.41"
  resolved "https://registry.yarnpkg.com/@types/hammerjs/-/hammerjs-2.0.41.tgz#f6ecf57d1b12d2befcce00e928a6a097c22980aa"
  integrity sha512-ewXv/ceBaJprikMcxCmWU1FKyMAQ2X7a9Gtmzw8fcg2kIePI1crERDM818W+XYrxqdBBOdlf2rm137bU+BltCA==

"@types/offscreencanvas@^2019.7.0":
  version "2019.7.0"
  resolved "https://registry.yarnpkg.com/@types/offscreencanvas/-/offscreencanvas-2019.7.0.tgz#e4a932069db47bb3eabeb0b305502d01586fa90d"
  integrity sha512-PGcyveRIpL1XIqK8eBsmRBt76eFgtzuPiSTyKHZxnGemp2yzGzWpjYKAfK3wIMiU7eH+851yEpiuP8JZerTmWg==

"@types/prop-types@*":
  version "15.7.5"
  resolved "https://registry.yarnpkg.com/@types/prop-types/-/prop-types-15.7.5.tgz#5f19d2b85a98e9558036f6a3cacc8819420f05cf"
  integrity sha512-JCB8C6SnDoQf0cNycqd/35A7MjcnK+ZTqE7judS6o7utxUCg6imJg3QK2qzHKszlTjcj2cn+NwMB2i96ubpj7w==

"@types/react@*":
  version "18.0.17"
  resolved "https://registry.yarnpkg.com/@types/react/-/react-18.0.17.tgz#4583d9c322d67efe4b39a935d223edcc7050ccf4"
  integrity sha512-38ETy4tL+rn4uQQi7mB81G7V1g0u2ryquNmsVIOKUAEIDK+3CUjZ6rSRpdvS99dNBnkLFL83qfmtLacGOTIhwQ==
  dependencies:
    "@types/prop-types" "*"
    "@types/scheduler" "*"
    csstype "^3.0.2"

"@types/scheduler@*":
  version "0.16.2"
  resolved "https://registry.yarnpkg.com/@types/scheduler/-/scheduler-0.16.2.tgz#1a62f89525723dde24ba1b01b092bf5df8ad4d39"
  integrity sha512-hppQEBDmlwhFAXKJX2KnWLYu5yMfi91yazPb2l+lbJiwW+wdo1gNeRA+3RgNSO39WYX2euey41KEwnqesU2Jew==

csstype@^3.0.2:
  version "3.1.0"
  resolved "https://registry.yarnpkg.com/csstype/-/csstype-3.1.0.tgz#4ddcac3718d787cf9df0d1b7d15033925c8f29f2"
  integrity sha512-uX1KG+x9h5hIJsaKR9xHUeUraxf8IODOwq9JLNPq6BwB04a/xgpq3rcx47l5BZu5zBPlgD342tdke3Hom/nJRA==

earcut@^2.0.6:
  version "2.2.4"
  resolved "https://registry.yarnpkg.com/earcut/-/earcut-2.2.4.tgz#6d02fd4d68160c114825d06890a92ecaae60343a"
  integrity sha512-/pjZsA1b4RPHbeWZQn66SWS8nZZWLQQ23oE3Eam7aroEFGEvwKAsJfZ9ytiEMycfzXWpca4FA9QIOehf7PocBQ==

fs-extra@^7.0.0:
  version "7.0.1"
  resolved "https://registry.yarnpkg.com/fs-extra/-/fs-extra-7.0.1.tgz#4f189c44aa123b895f722804f55ea23eadc348e9"
  integrity sha512-YJDaCJZEnBmcbw13fvdAM9AwNOJwOzrE4pqMqBq5nFiEqXUqHwlK4B+3pUw6JNvfSPtX05xFHtYy/1ni01eGCw==
  dependencies:
    graceful-fs "^4.1.2"
    jsonfile "^4.0.0"
    universalify "^0.1.0"

gl-matrix@^3.0.0, gl-matrix@^3.4.0:
  version "3.4.3"
  resolved "https://registry.yarnpkg.com/gl-matrix/-/gl-matrix-3.4.3.tgz#fc1191e8320009fd4d20e9339595c6041ddc22c9"
  integrity sha512-wcCp8vu8FT22BnvKVPjXa/ICBWRq/zjFfdofZy1WSpQZpphblv12/bOQLBC1rMM7SGOFS9ltVmKOHil5+Ml7gA==

graceful-fs@^4.1.2, graceful-fs@^4.1.6:
  version "4.2.10"
  resolved "https://registry.yarnpkg.com/graceful-fs/-/graceful-fs-4.2.10.tgz#147d3a006da4ca3ce14728c7aefc287c367d7a6c"
  integrity sha512-9ByhssR2fPVsNZj478qUUbKfmL0+t5BDVyjShtyZZLiK7ZDAArFFfopyOTj0M05wE2tJPisA4iTnnXl2YoPvOA==

hammerjs@^2.0.8:
  version "2.0.8"
  resolved "https://registry.yarnpkg.com/hammerjs/-/hammerjs-2.0.8.tgz#04ef77862cff2bb79d30f7692095930222bf60f1"
  integrity sha512-tSQXBXS/MWQOn/RKckawJ61vvsDpCom87JgxiYdGwHdOa0ht0vzUWDlfioofFCRU0L+6NGDt6XzbgoJvZkMeRQ==

indefinitely-typed@^1.1.0:
  version "1.1.0"
  resolved "https://registry.yarnpkg.com/indefinitely-typed/-/indefinitely-typed-1.1.0.tgz#d0acd3645445e89ae1c70129be21609a0aa5a114"
  integrity sha512-giaI0hCj+wWZIZZLsmWHI+LrM4Hwc+rEZ/VrgCafKePcnE42fLnQTFt4xspqLin8fCjI5WnQr2fep/0EFqjaxw==
  dependencies:
    fs-extra "^7.0.0"
    minimist "^1.2.5"

jsonfile@^4.0.0:
  version "4.0.0"
  resolved "https://registry.yarnpkg.com/jsonfile/-/jsonfile-4.0.0.tgz#8771aae0799b64076b76640fca058f9c10e33ecb"
  integrity sha512-m6F1R3z8jjlf2imQHS2Qez5sjKWQzbuuhuJ/FKYFRZvPE3PuHcSMVZzfsLhGVOkfd20obL5SWEBew5ShlquNxg==
  optionalDependencies:
    graceful-fs "^4.1.6"

kdbush@^3.0.0:
  version "3.0.0"
  resolved "https://registry.yarnpkg.com/kdbush/-/kdbush-3.0.0.tgz#f8484794d47004cc2d85ed3a79353dbe0abc2bf0"
  integrity sha512-hRkd6/XW4HTsA9vjVpY9tuXJYLSlelnkTmVFu4M9/7MIYQtFcHpbugAU7UbOfjOiVSVYl2fqgBuJ32JUmRo5Ew==

math.gl@^3.5.7:
  version "3.6.3"
  resolved "https://registry.yarnpkg.com/math.gl/-/math.gl-3.6.3.tgz#f87e0d24cb33c1a215185ae3a4e16839f1ce6db2"
  integrity sha512-Yq9CyECvSDox9+5ETi2+x1bGTY5WvGUGL3rJfC4KPoCZAM51MGfrCm6rIn4yOJUVfMPs2a5RwMD+yGS/n1g3gg==
  dependencies:
    "@math.gl/core" "3.6.3"

minimist@^1.2.5:
  version "1.2.6"
  resolved "https://registry.yarnpkg.com/minimist/-/minimist-1.2.6.tgz#8637a5b759ea0d6e98702cfb3a9283323c93af44"
  integrity sha512-Jsjnk4bw3YJqYzbdyBiNsPWHPfO++UGG749Cxs6peCu5Xg4nrena6OVxOYxrQTqww0Jmwt+Ref8rggumkTLz9Q==

mjolnir.js@^2.5.0:
  version "2.7.1"
  resolved "https://registry.yarnpkg.com/mjolnir.js/-/mjolnir.js-2.7.1.tgz#4e12590fe168b377c9c669b9c31aa5a62f8b8460"
  integrity sha512-72BeUWgTv2cj5aZQKpwL8caNUFhXZ9bDm1hxpNj70XJQ62IBnTZmtv/WPxJvtaVNhzNo+D2U8O6ryNI0zImYcw==
  dependencies:
    "@types/hammerjs" "^2.0.41"
    hammerjs "^2.0.8"

probe.gl@^3.4.0:
  version "3.5.1"
  resolved "https://registry.yarnpkg.com/probe.gl/-/probe.gl-3.5.1.tgz#eabc7540b78425f9b13b9bdcbc988265e66fda81"
  integrity sha512-DG8jtIeAZ3sULNMsqL8X3SQqwjA06EzASbWZj90YAlFM8yMQlsBBzLMZWy+/RvAfIWS3IcoK8vu8DOor7RRPTA==
  dependencies:
    "@babel/runtime" "^7.0.0"
    "@probe.gl/env" "3.5.1"
    "@probe.gl/log" "3.5.1"
    "@probe.gl/stats" "3.5.1"

regenerator-runtime@^0.13.4:
  version "0.13.9"
  resolved "https://registry.yarnpkg.com/regenerator-runtime/-/regenerator-runtime-0.13.9.tgz#8925742a98ffd90814988d7566ad30ca3b263b52"
  integrity sha512-p3VT+cOEgxFsRRA9X4lkI1E+k2/CtnKtU4gcxyaCUreilL/vqI6CdZ3wxVUx3UOUg+gnUOQQcRI7BmSI656MYA==

supercluster@^7.1.5:
  version "7.1.5"
  resolved "https://registry.yarnpkg.com/supercluster/-/supercluster-7.1.5.tgz#65a6ce4a037a972767740614c19051b64b8be5a3"
  integrity sha512-EulshI3pGUM66o6ZdH3ReiFcvHpM3vAigyK+vcxdjpJyEbIIrtbmBdY23mGgnI24uXiGFvrGq9Gkum/8U7vJWg==
  dependencies:
    kdbush "^3.0.0"

universalify@^0.1.0:
  version "0.1.2"
  resolved "https://registry.yarnpkg.com/universalify/-/universalify-0.1.2.tgz#b646f69be3942dabcecc9d6639c80dc105efaa66"
  integrity sha512-rBJeI5CXAlmy1pV+617WB9J63U6XcazHHF2f2dbJix4XzpUF0RS3Zbj0FGIOCAva5P/d/GBOYaACQ1w+0azUkg==
